<?xml version="1.0" encoding="utf-8"?>
<Project ToolsVersion="4.0" xmlns="http://schemas.microsoft.com/developer/msbuild/2003">
  <ItemGroup>
    <Filter Include="Student Class">
      <UniqueIdentifier>{95aad628-254f-494d-afc8-456702a4c500}</UniqueIdentifier>
    </Filter>
    <Filter Include="Test Program">
      <UniqueIdentifier>{4db587d2-ecae-4d07-9b4c-01e9d818dc09}</UniqueIdentifier>
    </Filter>
    <Filter Include="Utils">
      <UniqueIdentifier>{9e950f10-bada-4d2e-9476-715e4a3805bd}</UniqueIdentifier>
    </Filter>
  </ItemGroup>
  <ItemGroup>
    <ClInclude Include="..\common\testslib.hpp">
      <Filter>Utils</Filter>
    </ClInclude>
    <ClInclude Include="..\common\utils.hpp">
      <Filter>Utils</Filter>
    </ClInclude>
    <ClInclude Include="watermachine.hpp">
      <Filter>Student Class</Filter>
    </ClInclude>
  </ItemGroup>
  <ItemGroup>
    <ClCompile Include="watermachine_test.cpp">
      <Filter>Test Program</Filter>
    </ClCompile>
    <ClCompile Include="watermachine.cpp">
      <Filter>Student Class</Filter>
    </ClCompile>
  </ItemGroup>
</Project>