<?xml version="1.0" encoding="utf-8"?>
<Project ToolsVersion="4.0" xmlns="http://schemas.microsoft.com/developer/msbuild/2003">
  <ItemGroup>
    <Filter Include="Utils">
      <UniqueIdentifier>{6b83a960-a34c-41d6-9448-cfa6c7e802ec}</UniqueIdentifier>
    </Filter>
    <Filter Include="Test Program">
      <UniqueIdentifier>{abdfaa09-6265-4fa2-93a3-cd2b84a5c1d4}</UniqueIdentifier>
    </Filter>
    <Filter Include="Student Class">
      <UniqueIdentifier>{4FC737F1-C7A5-4376-A066-2A32D752A2FF}</UniqueIdentifier>
      <Extensions>cpp;c;cc;cxx;def;odl;idl;hpj;bat;asm;asmx</Extensions>
    </Filter>
  </ItemGroup>
  <ItemGroup>
    <ClCompile Include="triangle.cpp">
      <Filter>Student Class</Filter>
    </ClCompile>
    <ClCompile Include="triangle_test.cpp">
      <Filter>Test Program</Filter>
    </ClCompile>
  </ItemGroup>
  <ItemGroup>
    <ClInclude Include="triangle.hpp">
      <Filter>Student Class</Filter>
    </ClInclude>
    <ClInclude Include="..\common\point.hpp">
      <Filter>Utils</Filter>
    </ClInclude>
    <ClInclude Include="..\common\testslib.hpp">
      <Filter>Utils</Filter>
    </ClInclude>
    <ClInclude Include="..\common\utils.hpp">
      <Filter>Utils</Filter>
    </ClInclude>
  </ItemGroup>
</Project>