<?xml version="1.0" encoding="utf-8"?>
<Project ToolsVersion="4.0" xmlns="http://schemas.microsoft.com/developer/msbuild/2003">
  <ItemGroup>
    <Filter Include="Student Class">
      <UniqueIdentifier>{51a0f691-5cf0-41f3-914d-d19d690894b9}</UniqueIdentifier>
    </Filter>
    <Filter Include="Test Program">
      <UniqueIdentifier>{e7391dd3-aa07-4330-a6d0-a76b21474559}</UniqueIdentifier>
    </Filter>
    <Filter Include="Utils">
      <UniqueIdentifier>{68ae9d9a-00f0-4bae-b456-97cf405656b9}</UniqueIdentifier>
    </Filter>
  </ItemGroup>
  <ItemGroup>
    <ClInclude Include="..\common\testslib.hpp">
      <Filter>Utils</Filter>
    </ClInclude>
    <ClInclude Include="..\common\utils.hpp">
      <Filter>Utils</Filter>
    </ClInclude>
    <ClInclude Include="money.hpp">
      <Filter>Student Class</Filter>
    </ClInclude>
  </ItemGroup>
  <ItemGroup>
    <ClCompile Include="money_test.cpp">
      <Filter>Test Program</Filter>
    </ClCompile>
    <ClCompile Include="money.cpp">
      <Filter>Student Class</Filter>
    </ClCompile>
  </ItemGroup>
</Project>