<?xml version="1.0" encoding="utf-8"?>
<Project ToolsVersion="4.0" xmlns="http://schemas.microsoft.com/developer/msbuild/2003">
  <ItemGroup>
    <ClCompile Include="main.cpp" />
    <ClCompile Include="application.cpp">
      <Filter>Application</Filter>
    </ClCompile>
    <ClCompile Include="employee.cpp">
      <Filter>Model</Filter>
    </ClCompile>
    <ClCompile Include="skill.cpp">
      <Filter>Model</Filter>
    </ClCompile>
  </ItemGroup>
  <ItemGroup>
    <Filter Include="Model">
      <UniqueIdentifier>{eeafbdca-5b67-422c-bebf-d5a7593b0e15}</UniqueIdentifier>
    </Filter>
    <Filter Include="Application">
      <UniqueIdentifier>{2d5f3378-c176-4c1b-90ba-51bdd008ccbf}</UniqueIdentifier>
    </Filter>
  </ItemGroup>
  <ItemGroup>
    <ClInclude Include="application.hpp">
      <Filter>Application</Filter>
    </ClInclude>
    <ClInclude Include="employee.hpp">
      <Filter>Model</Filter>
    </ClInclude>
    <ClInclude Include="skill.hpp">
      <Filter>Model</Filter>
    </ClInclude>
  </ItemGroup>
</Project>