<?xml version="1.0" encoding="utf-8"?>
<Project ToolsVersion="4.0" xmlns="http://schemas.microsoft.com/developer/msbuild/2003">
  <ItemGroup>
    <ClCompile Include="main.cpp" />
    <ClCompile Include="application.cpp">
      <Filter>Applications</Filter>
    </ClCompile>
    <ClCompile Include="document.cpp">
      <Filter>Model</Filter>
    </ClCompile>
    <ClCompile Include="project.cpp">
      <Filter>Model</Filter>
    </ClCompile>
  </ItemGroup>
  <ItemGroup>
    <Filter Include="Model">
      <UniqueIdentifier>{39e937b7-592e-422f-914c-5e08c79c01f8}</UniqueIdentifier>
    </Filter>
    <Filter Include="Applications">
      <UniqueIdentifier>{93127451-520b-435c-b4c7-88aa5587caf4}</UniqueIdentifier>
    </Filter>
  </ItemGroup>
  <ItemGroup>
    <ClInclude Include="application.hpp">
      <Filter>Applications</Filter>
    </ClInclude>
    <ClInclude Include="document.hpp">
      <Filter>Model</Filter>
    </ClInclude>
    <ClInclude Include="project.hpp">
      <Filter>Model</Filter>
    </ClInclude>
  </ItemGroup>
</Project>