<?xml version="1.0" encoding="utf-8"?>
<Project ToolsVersion="4.0" xmlns="http://schemas.microsoft.com/developer/msbuild/2003">
  <ItemGroup>
    <ClCompile Include="main.cpp" />
    <ClCompile Include="application.cpp">
      <Filter>Application</Filter>
    </ClCompile>
    <ClCompile Include="organization.cpp">
      <Filter>Model</Filter>
    </ClCompile>
    <ClCompile Include="payment.cpp">
      <Filter>Model</Filter>
    </ClCompile>
  </ItemGroup>
  <ItemGroup>
    <Filter Include="Model">
      <UniqueIdentifier>{e88f1ec7-1dbb-4390-bc38-ae90cb0dacd6}</UniqueIdentifier>
    </Filter>
    <Filter Include="Application">
      <UniqueIdentifier>{d748fdd2-daca-4a53-94ff-5e59fae088be}</UniqueIdentifier>
    </Filter>
  </ItemGroup>
  <ItemGroup>
    <ClInclude Include="application.hpp">
      <Filter>Application</Filter>
    </ClInclude>
    <ClInclude Include="payment.hpp">
      <Filter>Model</Filter>
    </ClInclude>
    <ClInclude Include="organization.hpp">
      <Filter>Model</Filter>
    </ClInclude>
  </ItemGroup>
</Project>