<?xml version="1.0" encoding="utf-8"?>
<Project ToolsVersion="4.0" xmlns="http://schemas.microsoft.com/developer/msbuild/2003">
  <ItemGroup>
    <Filter Include="Model">
      <UniqueIdentifier>{2d092597-229a-4a67-9c44-2b9933f268c4}</UniqueIdentifier>
    </Filter>
    <Filter Include="Controller">
      <UniqueIdentifier>{c6efa675-f0d8-4bcd-84d2-befac101a6bc}</UniqueIdentifier>
    </Filter>
  </ItemGroup>
  <ItemGroup>
    <ClCompile Include="controller.cpp">
      <Filter>Controller</Filter>
    </ClCompile>
    <ClCompile Include="main.cpp" />
    <ClCompile Include="energyconsumer.cpp">
      <Filter>Model</Filter>
    </ClCompile>
    <ClCompile Include="personconsumer.cpp">
      <Filter>Model</Filter>
    </ClCompile>
    <ClCompile Include="organizationconsumer.cpp">
      <Filter>Model</Filter>
    </ClCompile>
    <ClCompile Include="systemconsumer.cpp">
      <Filter>Model</Filter>
    </ClCompile>
  </ItemGroup>
  <ItemGroup>
    <ClInclude Include="controller.hpp">
      <Filter>Controller</Filter>
    </ClInclude>
    <ClInclude Include="messages.hpp">
      <Filter>Controller</Filter>
    </ClInclude>
    <ClInclude Include="energyconsumer.hpp">
      <Filter>Model</Filter>
    </ClInclude>
    <ClInclude Include="personconsumer.hpp">
      <Filter>Model</Filter>
    </ClInclude>
    <ClInclude Include="organizationconsumer.hpp">
      <Filter>Model</Filter>
    </ClInclude>
    <ClInclude Include="systemconsumer.hpp">
      <Filter>Model</Filter>
    </ClInclude>
    <ClInclude Include="energyprice.hpp">
      <Filter>Model</Filter>
    </ClInclude>
  </ItemGroup>
</Project>