<?xml version="1.0" encoding="utf-8"?>
<Project ToolsVersion="4.0" xmlns="http://schemas.microsoft.com/developer/msbuild/2003">
  <ItemGroup>
    <ClCompile Include="main.cpp" />
    <ClCompile Include="application.cpp">
      <Filter>Application</Filter>
    </ClCompile>
    <ClCompile Include="program.cpp">
      <Filter>Model</Filter>
    </ClCompile>
    <ClCompile Include="useraccount.cpp">
      <Filter>Model</Filter>
    </ClCompile>
  </ItemGroup>
  <ItemGroup>
    <Filter Include="Application">
      <UniqueIdentifier>{86a57949-944c-4527-b373-fa678fb93654}</UniqueIdentifier>
    </Filter>
    <Filter Include="Model">
      <UniqueIdentifier>{25b29d7c-d3e8-4ea0-a2cf-f371a13f8206}</UniqueIdentifier>
    </Filter>
  </ItemGroup>
  <ItemGroup>
    <ClInclude Include="application.hpp">
      <Filter>Application</Filter>
    </ClInclude>
    <ClInclude Include="program.hpp">
      <Filter>Model</Filter>
    </ClInclude>
    <ClInclude Include="useraccount.hpp">
      <Filter>Model</Filter>
    </ClInclude>
  </ItemGroup>
</Project>