<?xml version="1.0" encoding="utf-8"?>
<Project ToolsVersion="4.0" xmlns="http://schemas.microsoft.com/developer/msbuild/2003">
  <ItemGroup>
    <Filter Include="Student Class">
      <UniqueIdentifier>{899490c6-e10d-4ed0-bc4f-3031390fb685}</UniqueIdentifier>
    </Filter>
    <Filter Include="Test Program">
      <UniqueIdentifier>{d68b920b-2ff2-441e-919d-c40c0e81efb9}</UniqueIdentifier>
    </Filter>
    <Filter Include="Utils">
      <UniqueIdentifier>{d0b79239-0f9a-44fd-aa7e-e5b0e1563270}</UniqueIdentifier>
    </Filter>
  </ItemGroup>
  <ItemGroup>
    <ClInclude Include="..\common\testslib.hpp">
      <Filter>Utils</Filter>
    </ClInclude>
    <ClInclude Include="..\common\utils.hpp">
      <Filter>Utils</Filter>
    </ClInclude>
    <ClInclude Include="realarray.hpp">
      <Filter>Student Class</Filter>
    </ClInclude>
  </ItemGroup>
  <ItemGroup>
    <ClCompile Include="realarray_test.cpp">
      <Filter>Test Program</Filter>
    </ClCompile>
    <ClCompile Include="realarray.cpp">
      <Filter>Student Class</Filter>
    </ClCompile>
  </ItemGroup>
</Project>