<?xml version="1.0" encoding="utf-8"?>
<Project ToolsVersion="4.0" xmlns="http://schemas.microsoft.com/developer/msbuild/2003">
  <ItemGroup>
    <Filter Include="Application">
      <UniqueIdentifier>{d97e7555-f8b5-455b-b44e-706dc5e9e1ab}</UniqueIdentifier>
    </Filter>
    <Filter Include="Model">
      <UniqueIdentifier>{7941d4d1-5a6d-45ef-b4ad-c9976b5c2ea7}</UniqueIdentifier>
    </Filter>
  </ItemGroup>
  <ItemGroup>
    <ClCompile Include="main.cpp" />
    <ClCompile Include="application.cpp">
      <Filter>Application</Filter>
    </ClCompile>
    <ClCompile Include="call.cpp">
      <Filter>Model</Filter>
    </ClCompile>
    <ClCompile Include="contact.cpp">
      <Filter>Model</Filter>
    </ClCompile>
  </ItemGroup>
  <ItemGroup>
    <ClInclude Include="application.hpp">
      <Filter>Application</Filter>
    </ClInclude>
    <ClInclude Include="contact.hpp">
      <Filter>Model</Filter>
    </ClInclude>
    <ClInclude Include="call.hpp">
      <Filter>Model</Filter>
    </ClInclude>
  </ItemGroup>
</Project>