<?xml version="1.0" encoding="utf-8"?>
<Project ToolsVersion="4.0" xmlns="http://schemas.microsoft.com/developer/msbuild/2003">
  <ItemGroup>
    <ClCompile Include="main.cpp" />
    <ClCompile Include="application.cpp">
      <Filter>Application</Filter>
    </ClCompile>
    <ClCompile Include="tvchannel.cpp">
      <Filter>Model</Filter>
    </ClCompile>
    <ClCompile Include="program.cpp">
      <Filter>Model</Filter>
    </ClCompile>
  </ItemGroup>
  <ItemGroup>
    <Filter Include="Application">
      <UniqueIdentifier>{e3e307a2-8ef7-4d4b-8986-731b72e16c75}</UniqueIdentifier>
    </Filter>
    <Filter Include="Model">
      <UniqueIdentifier>{8ffc64d9-2f8b-4cfb-bd77-de0b828e90a3}</UniqueIdentifier>
    </Filter>
  </ItemGroup>
  <ItemGroup>
    <ClInclude Include="application.hpp">
      <Filter>Application</Filter>
    </ClInclude>
    <ClInclude Include="tvchannel.hpp">
      <Filter>Model</Filter>
    </ClInclude>
    <ClInclude Include="program.hpp">
      <Filter>Model</Filter>
    </ClInclude>
  </ItemGroup>
</Project>